
Microsoft Visual Studio Solution File, Format Version 12.00
# Visual Studio 14
VisualStudioVersion = 14.0.25420.1
MinimumVisualStudioVersion = 10.0.40219.1
Project("{FAE04EC0-301F-11D3-BF4B-00C04F79EFBC}") = "Thompson_TicTacToe", "Thompson_TicTacToe\Thompson_TicTacToe.csproj", "{EAF2EAD3-F7A7-459A-A740-C8E85AE4D862}"
EndProject
Global
	GlobalSection(SolutionConfigurationPlatforms) = preSolution
		Debug|Any CPU = Debug|Any CPU
		Release|Any CPU = Release|Any CPU
	EndGlobalSection
	GlobalSection(ProjectConfigurationPlatforms) = postSolution
		{EAF2EAD3-F7A7-459A-A740-C8E85AE4D862}.Debug|Any CPU.ActiveCfg = Debug|Any CPU
		{EAF2EAD3-F7A7-459A-A740-C8E85AE4D862}.Debug|Any CPU.Build.0 = Debug|Any CPU
		{EAF2EAD3-F7A7-459A-A740-C8E85AE4D862}.Release|Any CPU.ActiveCfg = Release|Any CPU
		{EAF2EAD3-F7A7-459A-A740-C8E85AE4D862}.Release|Any CPU.Build.0 = Release|Any CPU
	EndGlobalSection
	GlobalSection(SolutionProperties) = preSolution
		HideSolutionNode = FALSE
	EndGlobalSection
EndGlobal
